
Microsoft Visual Studio Solution File, Format Version 12.00
# Visual Studio Version 17
VisualStudioVersion = 17.9.34622.214
MinimumVisualStudioVersion = 10.0.40219.1
Project("{FAE04EC0-301F-11D3-BF4B-00C04F79EFBC}") = "BP3Casus_Console_Fix", "BP3Casus_Console_Fix\BP3Casus_Console_Fix.csproj", "{2C9C5960-CA5B-43D0-BC18-8F1C696F15C9}"
EndProject
Global
	GlobalSection(SolutionConfigurationPlatforms) = preSolution
		Debug|Any CPU = Debug|Any CPU
		Release|Any CPU = Release|Any CPU
	EndGlobalSection
	GlobalSection(ProjectConfigurationPlatforms) = postSolution
		{2C9C5960-CA5B-43D0-BC18-8F1C696F15C9}.Debug|Any CPU.ActiveCfg = Debug|Any CPU
		{2C9C5960-CA5B-43D0-BC18-8F1C696F15C9}.Debug|Any CPU.Build.0 = Debug|Any CPU
		{2C9C5960-CA5B-43D0-BC18-8F1C696F15C9}.Release|Any CPU.ActiveCfg = Release|Any CPU
		{2C9C5960-CA5B-43D0-BC18-8F1C696F15C9}.Release|Any CPU.Build.0 = Release|Any CPU
	EndGlobalSection
	GlobalSection(SolutionProperties) = preSolution
		HideSolutionNode = FALSE
	EndGlobalSection
	GlobalSection(ExtensibilityGlobals) = postSolution
		SolutionGuid = {231EE9EA-E150-4F59-9D43-6CB42CB76179}
	EndGlobalSection
EndGlobal
